<?xml version="1.0" encoding="utf-8"?>
<Project ToolsVersion="4.0" xmlns="http://schemas.microsoft.com/developer/msbuild/2003">
  <ItemGroup>
    <Filter Include="소스 파일">
      <UniqueIdentifier>{4FC737F1-C7A5-4376-A066-2A32D752A2FF}</UniqueIdentifier>
      <Extensions>cpp;c;cc;cxx;def;odl;idl;hpj;bat;asm;asmx</Extensions>
    </Filter>
    <Filter Include="헤더 파일">
      <UniqueIdentifier>{93995380-89BD-4b04-88EB-625FBE52EBFB}</UniqueIdentifier>
      <Extensions>h;hh;hpp;hxx;hm;inl;inc;xsd</Extensions>
    </Filter>
    <Filter Include="리소스 파일">
      <UniqueIdentifier>{67DA6AB6-F800-4c08-8B7A-83BB121AAD01}</UniqueIdentifier>
      <Extensions>rc;ico;cur;bmp;dlg;rc2;rct;bin;rgs;gif;jpg;jpeg;jpe;resx;tiff;tif;png;wav;mfcribbon-ms</Extensions>
    </Filter>
    <Filter Include="소스 파일\DataStructure">
      <UniqueIdentifier>{4d1dd791-7bd0-4279-9fa5-9c88f6986f4b}</UniqueIdentifier>
    </Filter>
    <Filter Include="소스 파일\GameSystem">
      <UniqueIdentifier>{ccafdc0f-1bcf-4590-a7e8-394b2fee65b1}</UniqueIdentifier>
    </Filter>
    <Filter Include="소스 파일\Graphics">
      <UniqueIdentifier>{23867136-e6a4-4240-ad9f-ea13d9b12f60}</UniqueIdentifier>
    </Filter>
    <Filter Include="소스 파일\Game">
      <UniqueIdentifier>{6e4f4e0d-7149-4cf6-ad36-e8206d1370d1}</UniqueIdentifier>
    </Filter>
    <Filter Include="소스 파일\Scene">
      <UniqueIdentifier>{d7e3a97b-296c-4dea-9e12-026936beffca}</UniqueIdentifier>
    </Filter>
    <Filter Include="소스 파일\Scene\GameScene">
      <UniqueIdentifier>{ef9d96e9-1cb8-45dd-b0f9-b556b3c67bb8}</UniqueIdentifier>
    </Filter>
    <Filter Include="소스 파일\Scene\TitleScene">
      <UniqueIdentifier>{24a5884d-8573-4449-aac9-e96b7e79c58d}</UniqueIdentifier>
    </Filter>
    <Filter Include="소스 파일\Scene\LogoScene">
      <UniqueIdentifier>{6053aa7e-00fa-4ba5-ab15-4e837dfeb364}</UniqueIdentifier>
    </Filter>
    <Filter Include="소스 파일\Scene\ResultScene">
      <UniqueIdentifier>{f0b15393-8ca6-40b1-86a6-31ee696c75bc}</UniqueIdentifier>
    </Filter>
    <Filter Include="소스 파일\Scene\SelectScene">
      <UniqueIdentifier>{d56b7703-3942-467f-97e9-394583ca644a}</UniqueIdentifier>
    </Filter>
  </ItemGroup>
  <ItemGroup>
    <ClInclude Include="Array.h">
      <Filter>소스 파일\DataStructure</Filter>
    </ClInclude>
    <ClInclude Include="DLinkedList.h">
      <Filter>소스 파일\DataStructure</Filter>
    </ClInclude>
    <ClInclude Include="GameSystem.h">
      <Filter>소스 파일\GameSystem</Filter>
    </ClInclude>
    <ClInclude Include="Texture.h">
      <Filter>소스 파일\Graphics</Filter>
    </ClInclude>
    <ClInclude Include="Sprite.h">
      <Filter>소스 파일\Graphics</Filter>
    </ClInclude>
    <ClInclude Include="GameObject.h">
      <Filter>소스 파일\Game</Filter>
    </ClInclude>
    <ClInclude Include="Font.h">
      <Filter>소스 파일\Graphics</Filter>
    </ClInclude>
    <ClInclude Include="ResourceManager.h">
      <Filter>소스 파일\GameSystem</Filter>
    </ClInclude>
    <ClInclude Include="GameScene.h">
      <Filter>소스 파일\Scene\GameScene</Filter>
    </ClInclude>
    <ClInclude Include="Note.h">
      <Filter>소스 파일\Scene\GameScene</Filter>
    </ClInclude>
    <ClInclude Include="Track.h">
      <Filter>소스 파일\Scene\GameScene</Filter>
    </ClInclude>
    <ClInclude Include="TrackManager.h">
      <Filter>소스 파일\Scene\GameScene</Filter>
    </ClInclude>
    <ClInclude Include="LogoScene.h">
      <Filter>소스 파일\Scene\LogoScene</Filter>
    </ClInclude>
    <ClInclude Include="Scene.h">
      <Filter>소스 파일\Scene</Filter>
    </ClInclude>
    <ClInclude Include="SceneManager.h">
      <Filter>소스 파일\Scene</Filter>
    </ClInclude>
    <ClInclude Include="TitleScene.h">
      <Filter>소스 파일\Scene\TitleScene</Filter>
    </ClInclude>
    <ClInclude Include="DataManager.h">
      <Filter>소스 파일\GameSystem</Filter>
    </ClInclude>
    <ClInclude Include="EffectPlayer.h">
      <Filter>소스 파일\Scene\GameScene</Filter>
    </ClInclude>
    <ClInclude Include="InputSystem.h">
      <Filter>소스 파일\GameSystem</Filter>
    </ClInclude>
    <ClInclude Include="SelectScene.h">
      <Filter>소스 파일\Scene\SelectScene</Filter>
    </ClInclude>
    <ClInclude Include="MusicInfoBox.h">
      <Filter>소스 파일\Scene\SelectScene</Filter>
    </ClInclude>
  </ItemGroup>
  <ItemGroup>
    <ClCompile Include="main.cpp">
      <Filter>소스 파일</Filter>
    </ClCompile>
    <ClCompile Include="GameSystem.cpp">
      <Filter>소스 파일\GameSystem</Filter>
    </ClCompile>
    <ClCompile Include="Texture.cpp">
      <Filter>소스 파일\Graphics</Filter>
    </ClCompile>
    <ClCompile Include="Sprite.cpp">
      <Filter>소스 파일\Graphics</Filter>
    </ClCompile>
    <ClCompile Include="GameObject.cpp">
      <Filter>소스 파일\Game</Filter>
    </ClCompile>
    <ClCompile Include="Font.cpp">
      <Filter>소스 파일\Graphics</Filter>
    </ClCompile>
    <ClCompile Include="ResourceManager.cpp">
      <Filter>소스 파일\GameSystem</Filter>
    </ClCompile>
    <ClCompile Include="GameScene.cpp">
      <Filter>소스 파일\Scene\GameScene</Filter>
    </ClCompile>
    <ClCompile Include="Note.cpp">
      <Filter>소스 파일\Scene\GameScene</Filter>
    </ClCompile>
    <ClCompile Include="Track.cpp">
      <Filter>소스 파일\Scene\GameScene</Filter>
    </ClCompile>
    <ClCompile Include="TrackManager.cpp">
      <Filter>소스 파일\Scene\GameScene</Filter>
    </ClCompile>
    <ClCompile Include="LogoScene.cpp">
      <Filter>소스 파일\Scene\LogoScene</Filter>
    </ClCompile>
    <ClCompile Include="SceneManager.cpp">
      <Filter>소스 파일\Scene</Filter>
    </ClCompile>
    <ClCompile Include="Scene.cpp">
      <Filter>소스 파일\Scene</Filter>
    </ClCompile>
    <ClCompile Include="TitleScene.cpp">
      <Filter>소스 파일\Scene\TitleScene</Filter>
    </ClCompile>
    <ClCompile Include="DataManager.cpp">
      <Filter>소스 파일\GameSystem</Filter>
    </ClCompile>
    <ClCompile Include="EffectPlayer.cpp">
      <Filter>소스 파일\Scene\GameScene</Filter>
    </ClCompile>
    <ClCompile Include="InputSystem.cpp">
      <Filter>소스 파일\GameSystem</Filter>
    </ClCompile>
    <ClCompile Include="SelectScene.cpp">
      <Filter>소스 파일\Scene\SelectScene</Filter>
    </ClCompile>
    <ClCompile Include="MusicInfoBox.cpp">
      <Filter>소스 파일\Scene\SelectScene</Filter>
    </ClCompile>
  </ItemGroup>
</Project>